
Microsoft Visual Studio Solution File, Format Version 12.00
# Visual Studio Version 17
VisualStudioVersion = 17.1.32328.378
MinimumVisualStudioVersion = 10.0.40219.1
Project("{8BC9CEB8-8B4A-11D0-8D11-00A0C91BC942}") = "Program1", "Program1.vcxproj", "{15D5518C-B6E6-4F1A-B250-4F7191D3F7CE}"
EndProject
Project("{8BC9CEB8-8B4A-11D0-8D11-00A0C91BC942}") = "class 1th", "..\class 1th\class 1th.vcxproj", "{9F46F430-C4E4-407A-B0F3-9D0981E5CE2D}"
EndProject
Project("{8BC9CEB8-8B4A-11D0-8D11-00A0C91BC942}") = "class2th", "..\class2th\class2th.vcxproj", "{22BC5B4B-F27B-49D1-A5D5-4C379315DEEA}"
EndProject
Project("{8BC9CEB8-8B4A-11D0-8D11-00A0C91BC942}") = "class3th", "..\class3th\class3th.vcxproj", "{58DD7D0B-3FF3-4B24-8F27-89FDBB787A41}"
EndProject
Project("{8BC9CEB8-8B4A-11D0-8D11-00A0C91BC942}") = "class4th", "..\class4th\class4th.vcxproj", "{CDDC528A-1707-4824-9637-944DAC7316FC}"
EndProject
Project("{8BC9CEB8-8B4A-11D0-8D11-00A0C91BC942}") = "class5th", "..\class5th\class5th.vcxproj", "{56855F02-A5B5-41A4-9283-7CA1DE9D2F9D}"
EndProject
Project("{8BC9CEB8-8B4A-11D0-8D11-00A0C91BC942}") = "class6th", "..\class6th\class6th.vcxproj", "{B435DEC4-0694-4A9B-8375-11624C01640E}"
EndProject
Project("{8BC9CEB8-8B4A-11D0-8D11-00A0C91BC942}") = "class7th", "..\class7th\class7th.vcxproj", "{A378A0B5-5182-4E25-89C6-F846385E771A}"
EndProject
Project("{8BC9CEB8-8B4A-11D0-8D11-00A0C91BC942}") = "class8th", "..\class8th\class8th.vcxproj", "{826B20F7-4ADE-4409-A7CF-1AB95A0F599D}"
EndProject
Project("{8BC9CEB8-8B4A-11D0-8D11-00A0C91BC942}") = "class9th", "..\class9th\class9th.vcxproj", "{7FBE246A-0C6F-4FC4-B554-DF47C09123DA}"
EndProject
Project("{8BC9CEB8-8B4A-11D0-8D11-00A0C91BC942}") = "class10th", "..\class10th\class10th.vcxproj", "{14D89297-3344-44F5-A314-2CFEC2FA84BA}"
EndProject
Project("{8BC9CEB8-8B4A-11D0-8D11-00A0C91BC942}") = "class11th", "..\class11th\class11th.vcxproj", "{D7CB1CED-80C3-4623-9BBA-44899B81F299}"
EndProject
Project("{8BC9CEB8-8B4A-11D0-8D11-00A0C91BC942}") = "class12th", "..\class12th\class12th.vcxproj", "{3210F4E0-0DA3-4CE5-8F3A-E62CE2B221E8}"
EndProject
Project("{8BC9CEB8-8B4A-11D0-8D11-00A0C91BC942}") = "class13th", "..\class13th\class13th.vcxproj", "{1E3421FB-DC08-4673-98F5-21812D2DBA9D}"
EndProject
Global
	GlobalSection(SolutionConfigurationPlatforms) = preSolution
		Debug|x64 = Debug|x64
		Debug|x86 = Debug|x86
		Release|x64 = Release|x64
		Release|x86 = Release|x86
	EndGlobalSection
	GlobalSection(ProjectConfigurationPlatforms) = postSolution
		{15D5518C-B6E6-4F1A-B250-4F7191D3F7CE}.Debug|x64.ActiveCfg = Debug|x64
		{15D5518C-B6E6-4F1A-B250-4F7191D3F7CE}.Debug|x64.Build.0 = Debug|x64
		{15D5518C-B6E6-4F1A-B250-4F7191D3F7CE}.Debug|x86.ActiveCfg = Debug|Win32
		{15D5518C-B6E6-4F1A-B250-4F7191D3F7CE}.Debug|x86.Build.0 = Debug|Win32
		{15D5518C-B6E6-4F1A-B250-4F7191D3F7CE}.Release|x64.ActiveCfg = Release|x64
		{15D5518C-B6E6-4F1A-B250-4F7191D3F7CE}.Release|x64.Build.0 = Release|x64
		{15D5518C-B6E6-4F1A-B250-4F7191D3F7CE}.Release|x86.ActiveCfg = Release|Win32
		{15D5518C-B6E6-4F1A-B250-4F7191D3F7CE}.Release|x86.Build.0 = Release|Win32
		{9F46F430-C4E4-407A-B0F3-9D0981E5CE2D}.Debug|x64.ActiveCfg = Debug|x64
		{9F46F430-C4E4-407A-B0F3-9D0981E5CE2D}.Debug|x64.Build.0 = Debug|x64
		{9F46F430-C4E4-407A-B0F3-9D0981E5CE2D}.Debug|x86.ActiveCfg = Debug|Win32
		{9F46F430-C4E4-407A-B0F3-9D0981E5CE2D}.Debug|x86.Build.0 = Debug|Win32
		{9F46F430-C4E4-407A-B0F3-9D0981E5CE2D}.Release|x64.ActiveCfg = Release|x64
		{9F46F430-C4E4-407A-B0F3-9D0981E5CE2D}.Release|x64.Build.0 = Release|x64
		{9F46F430-C4E4-407A-B0F3-9D0981E5CE2D}.Release|x86.ActiveCfg = Release|Win32
		{9F46F430-C4E4-407A-B0F3-9D0981E5CE2D}.Release|x86.Build.0 = Release|Win32
		{22BC5B4B-F27B-49D1-A5D5-4C379315DEEA}.Debug|x64.ActiveCfg = Debug|x64
		{22BC5B4B-F27B-49D1-A5D5-4C379315DEEA}.Debug|x64.Build.0 = Debug|x64
		{22BC5B4B-F27B-49D1-A5D5-4C379315DEEA}.Debug|x86.ActiveCfg = Debug|Win32
		{22BC5B4B-F27B-49D1-A5D5-4C379315DEEA}.Debug|x86.Build.0 = Debug|Win32
		{22BC5B4B-F27B-49D1-A5D5-4C379315DEEA}.Release|x64.ActiveCfg = Release|x64
		{22BC5B4B-F27B-49D1-A5D5-4C379315DEEA}.Release|x64.Build.0 = Release|x64
		{22BC5B4B-F27B-49D1-A5D5-4C379315DEEA}.Release|x86.ActiveCfg = Release|Win32
		{22BC5B4B-F27B-49D1-A5D5-4C379315DEEA}.Release|x86.Build.0 = Release|Win32
		{58DD7D0B-3FF3-4B24-8F27-89FDBB787A41}.Debug|x64.ActiveCfg = Debug|x64
		{58DD7D0B-3FF3-4B24-8F27-89FDBB787A41}.Debug|x64.Build.0 = Debug|x64
		{58DD7D0B-3FF3-4B24-8F27-89FDBB787A41}.Debug|x86.ActiveCfg = Debug|Win32
		{58DD7D0B-3FF3-4B24-8F27-89FDBB787A41}.Debug|x86.Build.0 = Debug|Win32
		{58DD7D0B-3FF3-4B24-8F27-89FDBB787A41}.Release|x64.ActiveCfg = Release|x64
		{58DD7D0B-3FF3-4B24-8F27-89FDBB787A41}.Release|x64.Build.0 = Release|x64
		{58DD7D0B-3FF3-4B24-8F27-89FDBB787A41}.Release|x86.ActiveCfg = Release|Win32
		{58DD7D0B-3FF3-4B24-8F27-89FDBB787A41}.Release|x86.Build.0 = Release|Win32
		{CDDC528A-1707-4824-9637-944DAC7316FC}.Debug|x64.ActiveCfg = Debug|x64
		{CDDC528A-1707-4824-9637-944DAC7316FC}.Debug|x64.Build.0 = Debug|x64
		{CDDC528A-1707-4824-9637-944DAC7316FC}.Debug|x86.ActiveCfg = Debug|Win32
		{CDDC528A-1707-4824-9637-944DAC7316FC}.Debug|x86.Build.0 = Debug|Win32
		{CDDC528A-1707-4824-9637-944DAC7316FC}.Release|x64.ActiveCfg = Release|x64
		{CDDC528A-1707-4824-9637-944DAC7316FC}.Release|x64.Build.0 = Release|x64
		{CDDC528A-1707-4824-9637-944DAC7316FC}.Release|x86.ActiveCfg = Release|Win32
		{CDDC528A-1707-4824-9637-944DAC7316FC}.Release|x86.Build.0 = Release|Win32
		{56855F02-A5B5-41A4-9283-7CA1DE9D2F9D}.Debug|x64.ActiveCfg = Debug|x64
		{56855F02-A5B5-41A4-9283-7CA1DE9D2F9D}.Debug|x64.Build.0 = Debug|x64
		{56855F02-A5B5-41A4-9283-7CA1DE9D2F9D}.Debug|x86.ActiveCfg = Debug|Win32
		{56855F02-A5B5-41A4-9283-7CA1DE9D2F9D}.Debug|x86.Build.0 = Debug|Win32
		{56855F02-A5B5-41A4-9283-7CA1DE9D2F9D}.Release|x64.ActiveCfg = Release|x64
		{56855F02-A5B5-41A4-9283-7CA1DE9D2F9D}.Release|x64.Build.0 = Release|x64
		{56855F02-A5B5-41A4-9283-7CA1DE9D2F9D}.Release|x86.ActiveCfg = Release|Win32
		{56855F02-A5B5-41A4-9283-7CA1DE9D2F9D}.Release|x86.Build.0 = Release|Win32
		{B435DEC4-0694-4A9B-8375-11624C01640E}.Debug|x64.ActiveCfg = Debug|x64
		{B435DEC4-0694-4A9B-8375-11624C01640E}.Debug|x64.Build.0 = Debug|x64
		{B435DEC4-0694-4A9B-8375-11624C01640E}.Debug|x86.ActiveCfg = Debug|Win32
		{B435DEC4-0694-4A9B-8375-11624C01640E}.Debug|x86.Build.0 = Debug|Win32
		{B435DEC4-0694-4A9B-8375-11624C01640E}.Release|x64.ActiveCfg = Release|x64
		{B435DEC4-0694-4A9B-8375-11624C01640E}.Release|x64.Build.0 = Release|x64
		{B435DEC4-0694-4A9B-8375-11624C01640E}.Release|x86.ActiveCfg = Release|Win32
		{B435DEC4-0694-4A9B-8375-11624C01640E}.Release|x86.Build.0 = Release|Win32
		{A378A0B5-5182-4E25-89C6-F846385E771A}.Debug|x64.ActiveCfg = Debug|x64
		{A378A0B5-5182-4E25-89C6-F846385E771A}.Debug|x64.Build.0 = Debug|x64
		{A378A0B5-5182-4E25-89C6-F846385E771A}.Debug|x86.ActiveCfg = Debug|Win32
		{A378A0B5-5182-4E25-89C6-F846385E771A}.Debug|x86.Build.0 = Debug|Win32
		{A378A0B5-5182-4E25-89C6-F846385E771A}.Release|x64.ActiveCfg = Release|x64
		{A378A0B5-5182-4E25-89C6-F846385E771A}.Release|x64.Build.0 = Release|x64
		{A378A0B5-5182-4E25-89C6-F846385E771A}.Release|x86.ActiveCfg = Release|Win32
		{A378A0B5-5182-4E25-89C6-F846385E771A}.Release|x86.Build.0 = Release|Win32
		{826B20F7-4ADE-4409-A7CF-1AB95A0F599D}.Debug|x64.ActiveCfg = Debug|x64
		{826B20F7-4ADE-4409-A7CF-1AB95A0F599D}.Debug|x64.Build.0 = Debug|x64
		{826B20F7-4ADE-4409-A7CF-1AB95A0F599D}.Debug|x86.ActiveCfg = Debug|Win32
		{826B20F7-4ADE-4409-A7CF-1AB95A0F599D}.Debug|x86.Build.0 = Debug|Win32
		{826B20F7-4ADE-4409-A7CF-1AB95A0F599D}.Release|x64.ActiveCfg = Release|x64
		{826B20F7-4ADE-4409-A7CF-1AB95A0F599D}.Release|x64.Build.0 = Release|x64
		{826B20F7-4ADE-4409-A7CF-1AB95A0F599D}.Release|x86.ActiveCfg = Release|Win32
		{826B20F7-4ADE-4409-A7CF-1AB95A0F599D}.Release|x86.Build.0 = Release|Win32
		{7FBE246A-0C6F-4FC4-B554-DF47C09123DA}.Debug|x64.ActiveCfg = Debug|x64
		{7FBE246A-0C6F-4FC4-B554-DF47C09123DA}.Debug|x64.Build.0 = Debug|x64
		{7FBE246A-0C6F-4FC4-B554-DF47C09123DA}.Debug|x86.ActiveCfg = Debug|Win32
		{7FBE246A-0C6F-4FC4-B554-DF47C09123DA}.Debug|x86.Build.0 = Debug|Win32
		{7FBE246A-0C6F-4FC4-B554-DF47C09123DA}.Release|x64.ActiveCfg = Release|x64
		{7FBE246A-0C6F-4FC4-B554-DF47C09123DA}.Release|x64.Build.0 = Release|x64
		{7FBE246A-0C6F-4FC4-B554-DF47C09123DA}.Release|x86.ActiveCfg = Release|Win32
		{7FBE246A-0C6F-4FC4-B554-DF47C09123DA}.Release|x86.Build.0 = Release|Win32
		{14D89297-3344-44F5-A314-2CFEC2FA84BA}.Debug|x64.ActiveCfg = Debug|x64
		{14D89297-3344-44F5-A314-2CFEC2FA84BA}.Debug|x64.Build.0 = Debug|x64
		{14D89297-3344-44F5-A314-2CFEC2FA84BA}.Debug|x86.ActiveCfg = Debug|Win32
		{14D89297-3344-44F5-A314-2CFEC2FA84BA}.Debug|x86.Build.0 = Debug|Win32
		{14D89297-3344-44F5-A314-2CFEC2FA84BA}.Release|x64.ActiveCfg = Release|x64
		{14D89297-3344-44F5-A314-2CFEC2FA84BA}.Release|x64.Build.0 = Release|x64
		{14D89297-3344-44F5-A314-2CFEC2FA84BA}.Release|x86.ActiveCfg = Release|Win32
		{14D89297-3344-44F5-A314-2CFEC2FA84BA}.Release|x86.Build.0 = Release|Win32
		{D7CB1CED-80C3-4623-9BBA-44899B81F299}.Debug|x64.ActiveCfg = Debug|x64
		{D7CB1CED-80C3-4623-9BBA-44899B81F299}.Debug|x64.Build.0 = Debug|x64
		{D7CB1CED-80C3-4623-9BBA-44899B81F299}.Debug|x86.ActiveCfg = Debug|Win32
		{D7CB1CED-80C3-4623-9BBA-44899B81F299}.Debug|x86.Build.0 = Debug|Win32
		{D7CB1CED-80C3-4623-9BBA-44899B81F299}.Release|x64.ActiveCfg = Release|x64
		{D7CB1CED-80C3-4623-9BBA-44899B81F299}.Release|x64.Build.0 = Release|x64
		{D7CB1CED-80C3-4623-9BBA-44899B81F299}.Release|x86.ActiveCfg = Release|Win32
		{D7CB1CED-80C3-4623-9BBA-44899B81F299}.Release|x86.Build.0 = Release|Win32
		{3210F4E0-0DA3-4CE5-8F3A-E62CE2B221E8}.Debug|x64.ActiveCfg = Debug|x64
		{3210F4E0-0DA3-4CE5-8F3A-E62CE2B221E8}.Debug|x64.Build.0 = Debug|x64
		{3210F4E0-0DA3-4CE5-8F3A-E62CE2B221E8}.Debug|x86.ActiveCfg = Debug|Win32
		{3210F4E0-0DA3-4CE5-8F3A-E62CE2B221E8}.Debug|x86.Build.0 = Debug|Win32
		{3210F4E0-0DA3-4CE5-8F3A-E62CE2B221E8}.Release|x64.ActiveCfg = Release|x64
		{3210F4E0-0DA3-4CE5-8F3A-E62CE2B221E8}.Release|x64.Build.0 = Release|x64
		{3210F4E0-0DA3-4CE5-8F3A-E62CE2B221E8}.Release|x86.ActiveCfg = Release|Win32
		{3210F4E0-0DA3-4CE5-8F3A-E62CE2B221E8}.Release|x86.Build.0 = Release|Win32
		{1E3421FB-DC08-4673-98F5-21812D2DBA9D}.Debug|x64.ActiveCfg = Debug|x64
		{1E3421FB-DC08-4673-98F5-21812D2DBA9D}.Debug|x64.Build.0 = Debug|x64
		{1E3421FB-DC08-4673-98F5-21812D2DBA9D}.Debug|x86.ActiveCfg = Debug|Win32
		{1E3421FB-DC08-4673-98F5-21812D2DBA9D}.Debug|x86.Build.0 = Debug|Win32
		{1E3421FB-DC08-4673-98F5-21812D2DBA9D}.Release|x64.ActiveCfg = Release|x64
		{1E3421FB-DC08-4673-98F5-21812D2DBA9D}.Release|x64.Build.0 = Release|x64
		{1E3421FB-DC08-4673-98F5-21812D2DBA9D}.Release|x86.ActiveCfg = Release|Win32
		{1E3421FB-DC08-4673-98F5-21812D2DBA9D}.Release|x86.Build.0 = Release|Win32
	EndGlobalSection
	GlobalSection(SolutionProperties) = preSolution
		HideSolutionNode = FALSE
	EndGlobalSection
	GlobalSection(ExtensibilityGlobals) = postSolution
		SolutionGuid = {D5FE0733-113D-4FC3-A340-42693BA7ED92}
	EndGlobalSection
EndGlobal
